
Microsoft Visual Studio Solution File, Format Version 12.00
# Visual Studio Version 16
VisualStudioVersion = 16.0.31019.35
MinimumVisualStudioVersion = 10.0.40219.1
Project("{FAE04EC0-301F-11D3-BF4B-00C04F79EFBC}") = "Part1_Lesson4", "Part1_Lesson4.csproj", "{116E254F-11A3-4796-9864-A1C607414311}"
EndProject
Project("{FAE04EC0-301F-11D3-BF4B-00C04F79EFBC}") = "MyLib", "..\MyLib\MyLib.csproj", "{F23EA317-5A90-4D3A-A4E8-B7FF47356E01}"
EndProject
Global
	GlobalSection(SolutionConfigurationPlatforms) = preSolution
		Debug|Any CPU = Debug|Any CPU
		Release|Any CPU = Release|Any CPU
	EndGlobalSection
	GlobalSection(ProjectConfigurationPlatforms) = postSolution
		{116E254F-11A3-4796-9864-A1C607414311}.Debug|Any CPU.ActiveCfg = Debug|Any CPU
		{116E254F-11A3-4796-9864-A1C607414311}.Debug|Any CPU.Build.0 = Debug|Any CPU
		{116E254F-11A3-4796-9864-A1C607414311}.Release|Any CPU.ActiveCfg = Release|Any CPU
		{116E254F-11A3-4796-9864-A1C607414311}.Release|Any CPU.Build.0 = Release|Any CPU
		{F23EA317-5A90-4D3A-A4E8-B7FF47356E01}.Debug|Any CPU.ActiveCfg = Debug|Any CPU
		{F23EA317-5A90-4D3A-A4E8-B7FF47356E01}.Debug|Any CPU.Build.0 = Debug|Any CPU
		{F23EA317-5A90-4D3A-A4E8-B7FF47356E01}.Release|Any CPU.ActiveCfg = Release|Any CPU
		{F23EA317-5A90-4D3A-A4E8-B7FF47356E01}.Release|Any CPU.Build.0 = Release|Any CPU
	EndGlobalSection
	GlobalSection(SolutionProperties) = preSolution
		HideSolutionNode = FALSE
	EndGlobalSection
	GlobalSection(ExtensibilityGlobals) = postSolution
		SolutionGuid = {D465C9E3-B53A-4F67-AC6E-DCDDAF76C9DE}
	EndGlobalSection
EndGlobal
