
Microsoft Visual Studio Solution File, Format Version 12.00
# Visual Studio Version 16
VisualStudioVersion = 16.0.31019.35
MinimumVisualStudioVersion = 10.0.40219.1
Project("{FAE04EC0-301F-11D3-BF4B-00C04F79EFBC}") = "Part1_Lesson6", "Part1_Lesson6.csproj", "{EC170B6A-3A25-49C4-8403-5DE4D4FF456D}"
EndProject
Global
	GlobalSection(SolutionConfigurationPlatforms) = preSolution
		Debug|Any CPU = Debug|Any CPU
		Release|Any CPU = Release|Any CPU
	EndGlobalSection
	GlobalSection(ProjectConfigurationPlatforms) = postSolution
		{EC170B6A-3A25-49C4-8403-5DE4D4FF456D}.Debug|Any CPU.ActiveCfg = Debug|Any CPU
		{EC170B6A-3A25-49C4-8403-5DE4D4FF456D}.Debug|Any CPU.Build.0 = Debug|Any CPU
		{EC170B6A-3A25-49C4-8403-5DE4D4FF456D}.Release|Any CPU.ActiveCfg = Release|Any CPU
		{EC170B6A-3A25-49C4-8403-5DE4D4FF456D}.Release|Any CPU.Build.0 = Release|Any CPU
	EndGlobalSection
	GlobalSection(SolutionProperties) = preSolution
		HideSolutionNode = FALSE
	EndGlobalSection
	GlobalSection(ExtensibilityGlobals) = postSolution
		SolutionGuid = {838D699F-7926-45B7-8F01-3814F5B03F66}
	EndGlobalSection
EndGlobal
