
Microsoft Visual Studio Solution File, Format Version 12.00
# Visual Studio Version 16
VisualStudioVersion = 16.0.31019.35
MinimumVisualStudioVersion = 10.0.40219.1
Project("{FAE04EC0-301F-11D3-BF4B-00C04F79EFBC}") = "Part1_Lesson3", "Part1_Lesson3.csproj", "{335D236B-CD5F-480E-9AD2-99C4C0F430F2}"
EndProject
Global
	GlobalSection(SolutionConfigurationPlatforms) = preSolution
		Debug|Any CPU = Debug|Any CPU
		Release|Any CPU = Release|Any CPU
	EndGlobalSection
	GlobalSection(ProjectConfigurationPlatforms) = postSolution
		{335D236B-CD5F-480E-9AD2-99C4C0F430F2}.Debug|Any CPU.ActiveCfg = Debug|Any CPU
		{335D236B-CD5F-480E-9AD2-99C4C0F430F2}.Debug|Any CPU.Build.0 = Debug|Any CPU
		{335D236B-CD5F-480E-9AD2-99C4C0F430F2}.Release|Any CPU.ActiveCfg = Release|Any CPU
		{335D236B-CD5F-480E-9AD2-99C4C0F430F2}.Release|Any CPU.Build.0 = Release|Any CPU
	EndGlobalSection
	GlobalSection(SolutionProperties) = preSolution
		HideSolutionNode = FALSE
	EndGlobalSection
	GlobalSection(ExtensibilityGlobals) = postSolution
		SolutionGuid = {F7FAC87D-A784-4578-9A04-C96885BE8C85}
	EndGlobalSection
EndGlobal
